Microsoft Visual Studio Solution File, Format Version 12.00
# Visual Studio Version 17
VisualStudioVersion = 17.5.2.0
MinimumVisualStudioVersion = 10.0.40219.1
Project("{2150E333-8FDC-42A3-9474-1A3956D46DE8}") = "APIs", "APIs", "{A493B712-D036-515A-2346-D66A3A2D9736}"
EndProject
Project("{FAE04EC0-301F-11D3-BF4B-00C04F79EFBC}") = "ContosoPizza", "APIs\ContosoPizza\ContosoPizza.csproj", "{C28182E8-97A7-DB7D-F0CE-E55FA84AC393}"
EndProject
Global
	GlobalSection(SolutionConfigurationPlatforms) = preSolution
		Debug|Any CPU = Debug|Any CPU
		Release|Any CPU = Release|Any CPU
	EndGlobalSection
	GlobalSection(ProjectConfigurationPlatforms) = postSolution
		{C28182E8-97A7-DB7D-F0CE-E55FA84AC393}.Debug|Any CPU.ActiveCfg = Debug|Any CPU
		{C28182E8-97A7-DB7D-F0CE-E55FA84AC393}.Debug|Any CPU.Build.0 = Debug|Any CPU
		{C28182E8-97A7-DB7D-F0CE-E55FA84AC393}.Release|Any CPU.ActiveCfg = Release|Any CPU
		{C28182E8-97A7-DB7D-F0CE-E55FA84AC393}.Release|Any CPU.Build.0 = Release|Any CPU
	EndGlobalSection
	GlobalSection(SolutionProperties) = preSolution
		HideSolutionNode = FALSE
	EndGlobalSection
	GlobalSection(NestedProjects) = preSolution
		{C28182E8-97A7-DB7D-F0CE-E55FA84AC393} = {A493B712-D036-515A-2346-D66A3A2D9736}
	EndGlobalSection
	GlobalSection(ExtensibilityGlobals) = postSolution
		SolutionGuid = {06A87145-5A66-441F-99CB-79C09786BADF}
	EndGlobalSection
EndGlobal
